// !$*UTF8*$!
{
	archiveVersion = 1;
	classes = {
	};
	objectVersion = 77;
	objects = {

/* Begin PBXContainerItemProxy section */
		7A8F7A9D2CE0B63200B127BD /* PBXContainerItemProxy */ = {
			isa = PBXContainerItemProxy;
			containerPortal = 7A8F7A7B2CE0B63000B127BD /* Project object */;
			proxyType = 1;
			remoteGlobalIDString = 7A8F7A822CE0B63000B127BD;
			remoteInfo = "weather-outfit";
		};
		7A8F7AA72CE0B63200B127BD /* PBXContainerItemProxy */ = {
			isa = PBXContainerItemProxy;
			containerPortal = 7A8F7A7B2CE0B63000B127BD /* Project object */;
			proxyType = 1;
			remoteGlobalIDString = 7A8F7A822CE0B63000B127BD;
			remoteInfo = "weather-outfit";
		};
/* End PBXContainerItemProxy section */

/* Begin PBXFileReference section */
		7A8F7A832CE0B63000B127BD /* my-weather.app */ = {isa = PBXFileReference; explicitFileType = wrapper.application; includeInIndex = 0; path = "my-weather.app"; sourceTree = BUILT_PRODUCTS_DIR; };
		7A8F7A9C2CE0B63200B127BD /* my-weatherTests.xctest */ = {isa = PBXFileReference; explicitFileType = wrapper.cfbundle; includeInIndex = 0; path = "my-weatherTests.xctest"; sourceTree = BUILT_PRODUCTS_DIR; };
		7A8F7AA62CE0B63200B127BD /* my-weatherUITests.xctest */ = {isa = PBXFileReference; explicitFileType = wrapper.cfbundle; includeInIndex = 0; path = "my-weatherUITests.xctest"; sourceTree = BUILT_PRODUCTS_DIR; };
/* End PBXFileReference section */

/* Begin PBXFileSystemSynchronizedBuildFileExceptionSet section */
		7A8F7AAE2CE0B63200B127BD /* Exceptions for "my-weather" folder in "my-weather" target */ = {
			isa = PBXFileSystemSynchronizedBuildFileExceptionSet;
			membershipExceptions = (
				Info.plist,
			);
			target = 7A8F7A822CE0B63000B127BD /* my-weather */;
		};
/* End PBXFileSystemSynchronizedBuildFileExceptionSet section */

/* Begin PBXFileSystemSynchronizedRootGroup section */
		7A8F7A852CE0B63000B127BD /* my-weather */ = {
			isa = PBXFileSystemSynchronizedRootGroup;
			exceptions = (
				7A8F7AAE2CE0B63200B127BD /* Exceptions for "my-weather" folder in "my-weather" target */,
			);
			path = "my-weather";
			sourceTree = "<group>";
		};
		7A8F7A9F2CE0B63200B127BD /* my-weatherTests */ = {
			isa = PBXFileSystemSynchronizedRootGroup;
			path = "my-weatherTests";
			sourceTree = "<group>";
		};
		7A8F7AA92CE0B63200B127BD /* my-weatherUITests */ = {
			isa = PBXFileSystemSynchronizedRootGroup;
			path = "my-weatherUITests";
			sourceTree = "<group>";
		};
/* End PBXFileSystemSynchronizedRootGroup section */

/* Begin PBXFrameworksBuildPhase section */
		7A8F7A802CE0B63000B127BD /* Frameworks */ = {
			isa = PBXFrameworksBuildPhase;
			buildActionMask = 2147483647;
			files = (
			);
			runOnlyForDeploymentPostprocessing = 0;
		};
		7A8F7A992CE0B63200B127BD /* Frameworks */ = {
			isa = PBXFrameworksBuildPhase;
			buildActionMask = 2147483647;
			files = (
			);
			runOnlyForDeploymentPostprocessing = 0;
		};
		7A8F7AA32CE0B63200B127BD /* Frameworks */ = {
			isa = PBXFrameworksBuildPhase;
			buildActionMask = 2147483647;
			files = (
			);
			runOnlyForDeploymentPostprocessing = 0;
		};
/* End PBXFrameworksBuildPhase section */

/* Begin PBXGroup section */
		7A8F7A7A2CE0B63000B127BD = {
			isa = PBXGroup;
			children = (
				7A8F7A852CE0B63000B127BD /* my-weather */,
				7A8F7A9F2CE0B63200B127BD /* my-weatherTests */,
				7A8F7AA92CE0B63200B127BD /* my-weatherUITests */,
				7A8F7A842CE0B63000B127BD /* Products */,
			);
			sourceTree = "<group>";
		};
		7A8F7A842CE0B63000B127BD /* Products */ = {
			isa = PBXGroup;
			children = (
				7A8F7A832CE0B63000B127BD /* my-weather.app */,
				7A8F7A9C2CE0B63200B127BD /* my-weatherTests.xctest */,
				7A8F7AA62CE0B63200B127BD /* my-weatherUITests.xctest */,
			);
			name = Products;
			sourceTree = "<group>";
		};
/* End PBXGroup section */

/* Begin PBXNativeTarget section */
		7A8F7A822CE0B63000B127BD /* my-weather */ = {
			isa = PBXNativeTarget;
			buildConfigurationList = 7A8F7AAF2CE0B63200B127BD /* Build configuration list for PBXNativeTarget "my-weather" */;
			buildPhases = (
				7A8F7A7F2CE0B63000B127BD /* Sources */,
				7A8F7A802CE0B63000B127BD /* Frameworks */,
				7A8F7A812CE0B63000B127BD /* Resources */,
			);
			buildRules = (
			);
			dependencies = (
			);
			fileSystemSynchronizedGroups = (
				7A8F7A852CE0B63000B127BD /* my-weather */,
			);
			name = "my-weather";
			packageProductDependencies = (
			);
			productName = "weather-outfit";
			productReference = 7A8F7A832CE0B63000B127BD /* my-weather.app */;
			productType = "com.apple.product-type.application";
		};
		7A8F7A9B2CE0B63200B127BD /* my-weatherTests */ = {
			isa = PBXNativeTarget;
			buildConfigurationList = 7A8F7AB42CE0B63200B127BD /* Build configuration list for PBXNativeTarget "my-weatherTests" */;
			buildPhases = (
				7A8F7A982CE0B63200B127BD /* Sources */,
				7A8F7A992CE0B63200B127BD /* Frameworks */,
				7A8F7A9A2CE0B63200B127BD /* Resources */,
			);
			buildRules = (
			);
			dependencies = (
				7A8F7A9E2CE0B63200B127BD /* PBXTargetDependency */,
			);
			fileSystemSynchronizedGroups = (
				7A8F7A9F2CE0B63200B127BD /* my-weatherTests */,
			);
			name = "my-weatherTests";
			packageProductDependencies = (
			);
			productName = "weather-outfitTests";
			productReference = 7A8F7A9C2CE0B63200B127BD /* my-weatherTests.xctest */;
			productType = "com.apple.product-type.bundle.unit-test";
		};
		7A8F7AA52CE0B63200B127BD /* my-weatherUITests */ = {
			isa = PBXNativeTarget;
			buildConfigurationList = 7A8F7AB72CE0B63200B127BD /* Build configuration list for PBXNativeTarget "my-weatherUITests" */;
			buildPhases = (
				7A8F7AA22CE0B63200B127BD /* Sources */,
				7A8F7AA32CE0B63200B127BD /* Frameworks */,
				7A8F7AA42CE0B63200B127BD /* Resources */,
			);
			buildRules = (
			);
			dependencies = (
				7A8F7AA82CE0B63200B127BD /* PBXTargetDependency */,
			);
			fileSystemSynchronizedGroups = (
				7A8F7AA92CE0B63200B127BD /* my-weatherUITests */,
			);
			name = "my-weatherUITests";
			packageProductDependencies = (
			);
			productName = "weather-outfitUITests";
			productReference = 7A8F7AA62CE0B63200B127BD /* my-weatherUITests.xctest */;
			productType = "com.apple.product-type.bundle.ui-testing";
		};
/* End PBXNativeTarget section */

/* Begin PBXProject section */
		7A8F7A7B2CE0B63000B127BD /* Project object */ = {
			isa = PBXProject;
			attributes = {
				BuildIndependentTargetsInParallel = 1;
				LastSwiftUpdateCheck = 1610;
				LastUpgradeCheck = 1610;
				TargetAttributes = {
					7A8F7A822CE0B63000B127BD = {
						CreatedOnToolsVersion = 16.1;
					};
					7A8F7A9B2CE0B63200B127BD = {
						CreatedOnToolsVersion = 16.1;
						TestTargetID = 7A8F7A822CE0B63000B127BD;
					};
					7A8F7AA52CE0B63200B127BD = {
						CreatedOnToolsVersion = 16.1;
						TestTargetID = 7A8F7A822CE0B63000B127BD;
					};
				};
			};
			buildConfigurationList = 7A8F7A7E2CE0B63000B127BD /* Build configuration list for PBXProject "my-weather" */;
			developmentRegion = en;
			hasScannedForEncodings = 0;
			knownRegions = (
				en,
				Base,
			);
			mainGroup = 7A8F7A7A2CE0B63000B127BD;
			minimizedProjectReferenceProxies = 1;
			preferredProjectObjectVersion = 77;
			productRefGroup = 7A8F7A842CE0B63000B127BD /* Products */;
			projectDirPath = "";
			projectRoot = "";
			targets = (
				7A8F7A822CE0B63000B127BD /* my-weather */,
				7A8F7A9B2CE0B63200B127BD /* my-weatherTests */,
				7A8F7AA52CE0B63200B127BD /* my-weatherUITests */,
			);
		};
/* End PBXProject section */

/* Begin PBXResourcesBuildPhase section */
		7A8F7A812CE0B63000B127BD /* Resources */ = {
			isa = PBXResourcesBuildPhase;
			buildActionMask = 2147483647;
			files = (
			);
			runOnlyForDeploymentPostprocessing = 0;
		};
		7A8F7A9A2CE0B63200B127BD /* Resources */ = {
			isa = PBXResourcesBuildPhase;
			buildActionMask = 2147483647;
			files = (
			);
			runOnlyForDeploymentPostprocessing = 0;
		};
		7A8F7AA42CE0B63200B127BD /* Resources */ = {
			isa = PBXResourcesBuildPhase;
			buildActionMask = 2147483647;
			files = (
			);
			runOnlyForDeploymentPostprocessing = 0;
		};
/* End PBXResourcesBuildPhase section */

/* Begin PBXSourcesBuildPhase section */
		7A8F7A7F2CE0B63000B127BD /* Sources */ = {
			isa = PBXSourcesBuildPhase;
			buildActionMask = 2147483647;
			files = (
			);
			runOnlyForDeploymentPostprocessing = 0;
		};
		7A8F7A982CE0B63200B127BD /* Sources */ = {
			isa = PBXSourcesBuildPhase;
			buildActionMask = 2147483647;
			files = (
			);
			runOnlyForDeploymentPostprocessing = 0;
		};
		7A8F7AA22CE0B63200B127BD /* Sources */ = {
			isa = PBXSourcesBuildPhase;
			buildActionMask = 2147483647;
			files = (
			);
			runOnlyForDeploymentPostprocessing = 0;
		};
/* End PBXSourcesBuildPhase section */

/* Begin PBXTargetDependency section */
		7A8F7A9E2CE0B63200B127BD /* PBXTargetDependency */ = {
			isa = PBXTargetDependency;
			target = 7A8F7A822CE0B63000B127BD /* my-weather */;
			targetProxy = 7A8F7A9D2CE0B63200B127BD /* PBXContainerItemProxy */;
		};
		7A8F7AA82CE0B63200B127BD /* PBXTargetDependency */ = {
			isa = PBXTargetDependency;
			target = 7A8F7A822CE0B63000B127BD /* my-weather */;
			targetProxy = 7A8F7AA72CE0B63200B127BD /* PBXContainerItemProxy */;
		};
/* End PBXTargetDependency section */

/* Begin XCBuildConfiguration section */
		7A8F7AB02CE0B63200B127BD /* Debug */ = {
			isa = XCBuildConfiguration;
			buildSettings = {
				ASSETCATALOG_COMPILER_APPICON_NAME = AppIcon;
				ASSETCATALOG_COMPILER_GLOBAL_ACCENT_COLOR_NAME = AccentColor;
				CODE_SIGN_STYLE = Automatic;
				CURRENT_PROJECT_VERSION = 1;
				GENERATE_INFOPLIST_FILE = YES;
				INFOPLIST_FILE = "my-weather/Info.plist";
				INFOPLIST_KEY_UIApplicationSupportsIndirectInputEvents = YES;
				INFOPLIST_KEY_UILaunchStoryboardName = LaunchScreen;
				INFOPLIST_KEY_UIMainStoryboardFile = Main;
				INFOPLIST_KEY_UISupportedInterfaceOrientations_iPad = "UIInterfaceOrientationPortrait UIInterfaceOrientationPortraitUpsideDown UIInterfaceOrientationLandscapeLeft UIInterfaceOrientationLandscapeRight";
				INFOPLIST_KEY_UISupportedInterfaceOrientations_iPhone = "UIInterfaceOrientationPortrait UIInterfaceOrientationLandscapeLeft UIInterfaceOrientationLandscapeRight";
				LD_RUNPATH_SEARCH_PATHS = (
					"$(inherited)",
					"@executable_path/Frameworks",
				);
				MARKETING_VERSION = 1.0;
				PRODUCT_BUNDLE_IDENTIFIER = "com.efrei-bdx.b3-dev";
				PRODUCT_NAME = "$(TARGET_NAME)";
				SWIFT_EMIT_LOC_STRINGS = YES;
				SWIFT_VERSION = 5.0;
				TARGETED_DEVICE_FAMILY = "1,2";
			};
			name = Debug;
		};
		7A8F7AB12CE0B63200B127BD /* Release */ = {
			isa = XCBuildConfiguration;
			buildSettings = {
				ASSETCATALOG_COMPILER_APPICON_NAME = AppIcon;
				ASSETCATALOG_COMPILER_GLOBAL_ACCENT_COLOR_NAME = AccentColor;
				CODE_SIGN_STYLE = Automatic;
				CURRENT_PROJECT_VERSION = 1;
				GENERATE_INFOPLIST_FILE = YES;
				INFOPLIST_FILE = "my-weather/Info.plist";
				INFOPLIST_KEY_UIApplicationSupportsIndirectInputEvents = YES;
				INFOPLIST_KEY_UILaunchStoryboardName = LaunchScreen;
				INFOPLIST_KEY_UIMainStoryboardFile = Main;
				INFOPLIST_KEY_UISupportedInterfaceOrientations_iPad = "UIInterfaceOrientationPortrait UIInterfaceOrientationPortraitUpsideDown UIInterfaceOrientationLandscapeLeft UIInterfaceOrientationLandscapeRight";
				INFOPLIST_KEY_UISupportedInterfaceOrientations_iPhone = "UIInterfaceOrientationPortrait UIInterfaceOrientationLandscapeLeft UIInterfaceOrientationLandscapeRight";
				LD_RUNPATH_SEARCH_PATHS = (
					"$(inherited)",
					"@executable_path/Frameworks",
				);
				MARKETING_VERSION = 1.0;
				PRODUCT_BUNDLE_IDENTIFIER = "com.efrei-bdx.b3-dev";
				PRODUCT_NAME = "$(TARGET_NAME)";
				SWIFT_EMIT_LOC_STRINGS = YES;
				SWIFT_VERSION = 5.0;
				TARGETED_DEVICE_FAMILY = "1,2";
			};
			name = Release;
		};
		7A8F7AB22CE0B63200B127BD /* Debug */ = {
			isa = XCBuildConfiguration;
			buildSettings = {
				ALWAYS_SEARCH_USER_PATHS = NO;
				ASSETCATALOG_COMPILER_GENERATE_SWIFT_ASSET_SYMBOL_EXTENSIONS = YES;
				CLANG_ANALYZER_NONNULL = YES;
				CLANG_ANALYZER_NUMBER_OBJECT_CONVERSION = YES_AGGRESSIVE;
				CLANG_CXX_LANGUAGE_STANDARD = "gnu++20";
				CLANG_ENABLE_MODULES = YES;
				CLANG_ENABLE_OBJC_ARC = YES;
				CLANG_ENABLE_OBJC_WEAK = YES;
				CLANG_WARN_BLOCK_CAPTURE_AUTORELEASING = YES;
				CLANG_WARN_BOOL_CONVERSION = YES;
				CLANG_WARN_COMMA = YES;
				CLANG_WARN_CONSTANT_CONVERSION = YES;
				CLANG_WARN_DEPRECATED_OBJC_IMPLEMENTATIONS = YES;
				CLANG_WARN_DIRECT_OBJC_ISA_USAGE = YES_ERROR;
				CLANG_WARN_DOCUMENTATION_COMMENTS = YES;
				CLANG_WARN_EMPTY_BODY = YES;
				CLANG_WARN_ENUM_CONVERSION = YES;
				CLANG_WARN_INFINITE_RECURSION = YES;
				CLANG_WARN_INT_CONVERSION = YES;
				CLANG_WARN_NON_LITERAL_NULL_CONVERSION = YES;
				CLANG_WARN_OBJC_IMPLICIT_RETAIN_SELF = YES;
				CLANG_WARN_OBJC_LITERAL_CONVERSION = YES;
				CLANG_WARN_OBJC_ROOT_CLASS = YES_ERROR;
				CLANG_WARN_QUOTED_INCLUDE_IN_FRAMEWORK_HEADER = YES;
				CLANG_WARN_RANGE_LOOP_ANALYSIS = YES;
				CLANG_WARN_STRICT_PROTOTYPES = YES;
				CLANG_WARN_SUSPICIOUS_MOVE = YES;
				CLANG_WARN_UNGUARDED_AVAILABILITY = YES_AGGRESSIVE;
				CLANG_WARN_UNREACHABLE_CODE = YES;
				CLANG_WARN__DUPLICATE_METHOD_MATCH = YES;
				COPY_PHASE_STRIP = NO;
				DEBUG_INFORMATION_FORMAT = dwarf;
				ENABLE_STRICT_OBJC_MSGSEND = YES;
				ENABLE_TESTABILITY = YES;
				ENABLE_USER_SCRIPT_SANDBOXING = YES;
				GCC_C_LANGUAGE_STANDARD = gnu17;
				GCC_DYNAMIC_NO_PIC = NO;
				GCC_NO_COMMON_BLOCKS = YES;
				GCC_OPTIMIZATION_LEVEL = 0;
				GCC_PREPROCESSOR_DEFINITIONS = (
					"DEBUG=1",
					"$(inherited)",
				);
				GCC_WARN_64_TO_32_BIT_CONVERSION = YES;
				GCC_WARN_ABOUT_RETURN_TYPE = YES_ERROR;
				GCC_WARN_UNDECLARED_SELECTOR = YES;
				GCC_WARN_UNINITIALIZED_AUTOS = YES_AGGRESSIVE;
				GCC_WARN_UNUSED_FUNCTION = YES;
				GCC_WARN_UNUSED_VARIABLE = YES;
				IPHONEOS_DEPLOYMENT_TARGET = 18.1;
				LOCALIZATION_PREFERS_STRING_CATALOGS = YES;
				MTL_ENABLE_DEBUG_INFO = INCLUDE_SOURCE;
				MTL_FAST_MATH = YES;
				ONLY_ACTIVE_ARCH = YES;
				SDKROOT = iphoneos;
				SWIFT_ACTIVE_COMPILATION_CONDITIONS = "DEBUG $(inherited)";
				SWIFT_OPTIMIZATION_LEVEL = "-Onone";
			};
			name = Debug;
		};
		7A8F7AB32CE0B63200B127BD /* Release */ = {
			isa = XCBuildConfiguration;
			buildSettings = {
				ALWAYS_SEARCH_USER_PATHS = NO;
				ASSETCATALOG_COMPILER_GENERATE_SWIFT_ASSET_SYMBOL_EXTENSIONS = YES;
				CLANG_ANALYZER_NONNULL = YES;
				CLANG_ANALYZER_NUMBER_OBJECT_CONVERSION = YES_AGGRESSIVE;
				CLANG_CXX_LANGUAGE_STANDARD = "gnu++20";
				CLANG_ENABLE_MODULES = YES;
				CLANG_ENABLE_OBJC_ARC = YES;
				CLANG_ENABLE_OBJC_WEAK = YES;
				CLANG_WARN_BLOCK_CAPTURE_AUTORELEASING = YES;
				CLANG_WARN_BOOL_CONVERSION = YES;
				CLANG_WARN_COMMA = YES;
				CLANG_WARN_CONSTANT_CONVERSION = YES;
				CLANG_WARN_DEPRECATED_OBJC_IMPLEMENTATIONS = YES;
				CLANG_WARN_DIRECT_OBJC_ISA_USAGE = YES_ERROR;
				CLANG_WARN_DOCUMENTATION_COMMENTS = YES;
				CLANG_WARN_EMPTY_BODY = YES;
				CLANG_WARN_ENUM_CONVERSION = YES;
				CLANG_WARN_INFINITE_RECURSION = YES;
				CLANG_WARN_INT_CONVERSION = YES;
				CLANG_WARN_NON_LITERAL_NULL_CONVERSION = YES;
				CLANG_WARN_OBJC_IMPLICIT_RETAIN_SELF = YES;
				CLANG_WARN_OBJC_LITERAL_CONVERSION = YES;
				CLANG_WARN_OBJC_ROOT_CLASS = YES_ERROR;
				CLANG_WARN_QUOTED_INCLUDE_IN_FRAMEWORK_HEADER = YES;
				CLANG_WARN_RANGE_LOOP_ANALYSIS = YES;
				CLANG_WARN_STRICT_PROTOTYPES = YES;
				CLANG_WARN_SUSPICIOUS_MOVE = YES;
				CLANG_WARN_UNGUARDED_AVAILABILITY = YES_AGGRESSIVE;
				CLANG_WARN_UNREACHABLE_CODE = YES;
				CLANG_WARN__DUPLICATE_METHOD_MATCH = YES;
				COPY_PHASE_STRIP = NO;
				DEBUG_INFORMATION_FORMAT = "dwarf-with-dsym";
				ENABLE_NS_ASSERTIONS = NO;
				ENABLE_STRICT_OBJC_MSGSEND = YES;
				ENABLE_USER_SCRIPT_SANDBOXING = YES;
				GCC_C_LANGUAGE_STANDARD = gnu17;
				GCC_NO_COMMON_BLOCKS = YES;
				GCC_WARN_64_TO_32_BIT_CONVERSION = YES;
				GCC_WARN_ABOUT_RETURN_TYPE = YES_ERROR;
				GCC_WARN_UNDECLARED_SELECTOR = YES;
				GCC_WARN_UNINITIALIZED_AUTOS = YES_AGGRESSIVE;
				GCC_WARN_UNUSED_FUNCTION = YES;
				GCC_WARN_UNUSED_VARIABLE = YES;
				IPHONEOS_DEPLOYMENT_TARGET = 18.1;
				LOCALIZATION_PREFERS_STRING_CATALOGS = YES;
				MTL_ENABLE_DEBUG_INFO = NO;
				MTL_FAST_MATH = YES;
				SDKROOT = iphoneos;
				SWIFT_COMPILATION_MODE = wholemodule;
				VALIDATE_PRODUCT = YES;
			};
			name = Release;
		};
		7A8F7AB52CE0B63200B127BD /* Debug */ = {
			isa = XCBuildConfiguration;
			buildSettings = {
				BUNDLE_LOADER = "$(TEST_HOST)";
				CODE_SIGN_STYLE = Automatic;
				CURRENT_PROJECT_VERSION = 1;
				GENERATE_INFOPLIST_FILE = YES;
				IPHONEOS_DEPLOYMENT_TARGET = 18.1;
				MARKETING_VERSION = 1.0;
				PRODUCT_BUNDLE_IDENTIFIER = "dev.rroche.weather-outfitTests";
				PRODUCT_NAME = "$(TARGET_NAME)";
				SWIFT_EMIT_LOC_STRINGS = NO;
				SWIFT_VERSION = 5.0;
				TARGETED_DEVICE_FAMILY = "1,2";
				TEST_HOST = "$(BUILT_PRODUCTS_DIR)/my-weather.app/$(BUNDLE_EXECUTABLE_FOLDER_PATH)/my-weather";
			};
			name = Debug;
		};
		7A8F7AB62CE0B63200B127BD /* Release */ = {
			isa = XCBuildConfiguration;
			buildSettings = {
				BUNDLE_LOADER = "$(TEST_HOST)";
				CODE_SIGN_STYLE = Automatic;
				CURRENT_PROJECT_VERSION = 1;
				GENERATE_INFOPLIST_FILE = YES;
				IPHONEOS_DEPLOYMENT_TARGET = 18.1;
				MARKETING_VERSION = 1.0;
				PRODUCT_BUNDLE_IDENTIFIER = "dev.rroche.weather-outfitTests";
				PRODUCT_NAME = "$(TARGET_NAME)";
				SWIFT_EMIT_LOC_STRINGS = NO;
				SWIFT_VERSION = 5.0;
				TARGETED_DEVICE_FAMILY = "1,2";
				TEST_HOST = "$(BUILT_PRODUCTS_DIR)/my-weather.app/$(BUNDLE_EXECUTABLE_FOLDER_PATH)/my-weather";
			};
			name = Release;
		};
		7A8F7AB82CE0B63200B127BD /* Debug */ = {
			isa = XCBuildConfiguration;
			buildSettings = {
				CODE_SIGN_STYLE = Automatic;
				CURRENT_PROJECT_VERSION = 1;
				GENERATE_INFOPLIST_FILE = YES;
				MARKETING_VERSION = 1.0;
				PRODUCT_BUNDLE_IDENTIFIER = "dev.rroche.weather-outfitUITests";
				PRODUCT_NAME = "$(TARGET_NAME)";
				SWIFT_EMIT_LOC_STRINGS = NO;
				SWIFT_VERSION = 5.0;
				TARGETED_DEVICE_FAMILY = "1,2";
				TEST_TARGET_NAME = "weather-outfit";
			};
			name = Debug;
		};
		7A8F7AB92CE0B63200B127BD /* Release */ = {
			isa = XCBuildConfiguration;
			buildSettings = {
				CODE_SIGN_STYLE = Automatic;
				CURRENT_PROJECT_VERSION = 1;
				GENERATE_INFOPLIST_FILE = YES;
				MARKETING_VERSION = 1.0;
				PRODUCT_BUNDLE_IDENTIFIER = "dev.rroche.weather-outfitUITests";
				PRODUCT_NAME = "$(TARGET_NAME)";
				SWIFT_EMIT_LOC_STRINGS = NO;
				SWIFT_VERSION = 5.0;
				TARGETED_DEVICE_FAMILY = "1,2";
				TEST_TARGET_NAME = "weather-outfit";
			};
			name = Release;
		};
/* End XCBuildConfiguration section */

/* Begin XCConfigurationList section */
		7A8F7A7E2CE0B63000B127BD /* Build configuration list for PBXProject "my-weather" */ = {
			isa = XCConfigurationList;
			buildConfigurations = (
				7A8F7AB22CE0B63200B127BD /* Debug */,
				7A8F7AB32CE0B63200B127BD /* Release */,
			);
			defaultConfigurationIsVisible = 0;
			defaultConfigurationName = Release;
		};
		7A8F7AAF2CE0B63200B127BD /* Build configuration list for PBXNativeTarget "my-weather" */ = {
			isa = XCConfigurationList;
			buildConfigurations = (
				7A8F7AB02CE0B63200B127BD /* Debug */,
				7A8F7AB12CE0B63200B127BD /* Release */,
			);
			defaultConfigurationIsVisible = 0;
			defaultConfigurationName = Release;
		};
		7A8F7AB42CE0B63200B127BD /* Build configuration list for PBXNativeTarget "my-weatherTests" */ = {
			isa = XCConfigurationList;
			buildConfigurations = (
				7A8F7AB52CE0B63200B127BD /* Debug */,
				7A8F7AB62CE0B63200B127BD /* Release */,
			);
			defaultConfigurationIsVisible = 0;
			defaultConfigurationName = Release;
		};
		7A8F7AB72CE0B63200B127BD /* Build configuration list for PBXNativeTarget "my-weatherUITests" */ = {
			isa = XCConfigurationList;
			buildConfigurations = (
				7A8F7AB82CE0B63200B127BD /* Debug */,
				7A8F7AB92CE0B63200B127BD /* Release */,
			);
			defaultConfigurationIsVisible = 0;
			defaultConfigurationName = Release;
		};
/* End XCConfigurationList section */
	};
	rootObject = 7A8F7A7B2CE0B63000B127BD /* Project object */;
}
